b09a272b
c2c394d8
121b08ed
6966f41c
cb171af6
2008d13f
ccb7910a
725f8656
3b3671b3
3f2f648e
d4ec99af
cdcfe614
9937e07b
7d5acb95
d55d5348
ed6fc3a7
72f570b2
97d1a355
993ad697
51d55bbc
4344ee7b
5dee63a2
6f26e582
9184eb50
1f836ae3
4f53c4d4
87fa833f
39d8c540
3bbdcb99
9708678c
42e69024
e7dd8f31
4f7c84b6
ac5ac7a5
5bcba3a3
fdc70e19
6f161bc9
9e955b05
8359257f
24fa1a00
03b9f7b7
0be77fc3
3160ec60
28b04284
08038ea3
e807f7fd
be633d9f
4f6b0bfe
ebb51cbb
db92926e
7e075fb5
3855962f
e83db3ab
88ed21d1
816703f2
116168bd
3fb10143
c746dad4
605dd3cd
dcf6195c
325890b9
4aaba84c
6f769478
8f7cbf2c
9fb3b469
8dd524f9
3be3ee49
5f877655
ca640d29
371d74f3
f82df5cf
9e42dc00
0e160d92
ff798abc
016c0a7b
4ae93d90
02f83899
f216ed9e
5f309816
33ea88a7
e30addf9
f607eb25
bf3b3d45
994f1b44
0d121bd2
b1c082eb
7d1c0b3f
415edb1d
32c052be
811db434
a947a28b
1ac9337d
79d963f0
9cbb7b72
9683179a
6bf63a41
cfa94e83
eb4cf137
3bbb7964
af1e486c
44c9a391
f171fa6e
a1ac8790
a705ee4e
ba43303d
2245988f
cdfdbef7
b3a232cd
d88e5c26
93a62713
6df7c41a
ece1549f
d031ea3c
f2e4a855
1d11ab4a
1c43a39e
50a5b9f0
2a8bda68
7072665c
6ef85026
1020fb7b
28d0be90
0c446017
5f7a788c
5d62764d
444b1ed8
744c5769
54720996
4bdb0e7f
ced7ebeb
ef5b2b9a
55be3134
e47ddab0
b0a53d0f
d009ac2d
f8809c85
a1f247ed
fd3ef9e1
ad9bf0aa
af7c7140
a3150980
b4bf7037
c82f3b29
8175f3c0
16e3dc7b
52b93f90
c5423324
3caa89ea
9413db22
c83b1283
a27e0796
da3248ad
c6eba591
6384e4cf
1754d0e0
283611f1
